
Microsoft Visual Studio Solution File, Format Version 12.00
# Visual Studio Version 16
VisualStudioVersion = 16.0.33529.622
MinimumVisualStudioVersion = 10.0.40219.1
Project("{9A19103F-16F7-4668-BE54-9A1E7A4F7556}") = "WHB04BPendant", "WHB04BPendant.csproj", "{061DF27E-9877-4A4D-99A4-66D747C76F75}"
EndProject
Global
	GlobalSection(SolutionConfigurationPlatforms) = preSolution
		Debug|Any CPU = Debug|Any CPU
		Release|Any CPU = Release|Any CPU
	EndGlobalSection
	GlobalSection(ProjectConfigurationPlatforms) = postSolution
		{061DF27E-9877-4A4D-99A4-66D747C76F75}.Debug|Any CPU.ActiveCfg = Debug|Any CPU
		{061DF27E-9877-4A4D-99A4-66D747C76F75}.Debug|Any CPU.Build.0 = Debug|Any CPU
		{061DF27E-9877-4A4D-99A4-66D747C76F75}.Release|Any CPU.ActiveCfg = Release|Any CPU
		{061DF27E-9877-4A4D-99A4-66D747C76F75}.Release|Any CPU.Build.0 = Release|Any CPU
	EndGlobalSection
	GlobalSection(SolutionProperties) = preSolution
		HideSolutionNode = FALSE
	EndGlobalSection
	GlobalSection(ExtensibilityGlobals) = postSolution
		SolutionGuid = {FA981753-91C1-4B4D-B170-40D62E07F519}
	EndGlobalSection
EndGlobal
